
Microsoft Visual Studio Solution File, Format Version 12.00
# Visual Studio 15
VisualStudioVersion = 15.0.28307.1169
MinimumVisualStudioVersion = 10.0.40219.1
Project("{FAE04EC0-301F-11D3-BF4B-00C04F79EFBC}") = "rm-os", "rm-os\rm-os.csproj", "{90316561-B8B7-4FC9-8531-40AF6E5D28E5}"
EndProject
Global
	GlobalSection(SolutionConfigurationPlatforms) = preSolution
		Debug|Any CPU = Debug|Any CPU
		Release|Any CPU = Release|Any CPU
	EndGlobalSection
	GlobalSection(ProjectConfigurationPlatforms) = postSolution
		{90316561-B8B7-4FC9-8531-40AF6E5D28E5}.Debug|Any CPU.ActiveCfg = Debug|Any CPU
		{90316561-B8B7-4FC9-8531-40AF6E5D28E5}.Debug|Any CPU.Build.0 = Debug|Any CPU
		{90316561-B8B7-4FC9-8531-40AF6E5D28E5}.Release|Any CPU.ActiveCfg = Release|Any CPU
		{90316561-B8B7-4FC9-8531-40AF6E5D28E5}.Release|Any CPU.Build.0 = Release|Any CPU
	EndGlobalSection
	GlobalSection(SolutionProperties) = preSolution
		HideSolutionNode = FALSE
	EndGlobalSection
	GlobalSection(ExtensibilityGlobals) = postSolution
		SolutionGuid = {9A2CBB4C-D57F-4F34-9430-A77E6EBE0B57}
	EndGlobalSection
EndGlobal
